
Microsoft Visual Studio Solution File, Format Version 12.00
# Visual Studio Version 17
VisualStudioVersion = 17.1.32228.430
MinimumVisualStudioVersion = 10.0.40219.1
Project("{FAE04EC0-301F-11D3-BF4B-00C04F79EFBC}") = "LR6", "LR6.csproj", "{AE6C9460-B8D5-4378-A1B6-0DF6106D3D31}"
EndProject
Global
	GlobalSection(SolutionConfigurationPlatforms) = preSolution
		Debug|Any CPU = Debug|Any CPU
		Release|Any CPU = Release|Any CPU
	EndGlobalSection
	GlobalSection(ProjectConfigurationPlatforms) = postSolution
		{AE6C9460-B8D5-4378-A1B6-0DF6106D3D31}.Debug|Any CPU.ActiveCfg = Debug|Any CPU
		{AE6C9460-B8D5-4378-A1B6-0DF6106D3D31}.Debug|Any CPU.Build.0 = Debug|Any CPU
		{AE6C9460-B8D5-4378-A1B6-0DF6106D3D31}.Release|Any CPU.ActiveCfg = Release|Any CPU
		{AE6C9460-B8D5-4378-A1B6-0DF6106D3D31}.Release|Any CPU.Build.0 = Release|Any CPU
	EndGlobalSection
	GlobalSection(SolutionProperties) = preSolution
		HideSolutionNode = FALSE
	EndGlobalSection
	GlobalSection(ExtensibilityGlobals) = postSolution
		SolutionGuid = {E7C31DCF-E765-4E05-B9FC-9BB4EFA43442}
	EndGlobalSection
EndGlobal
